
Microsoft Visual Studio Solution File, Format Version 12.00
# Visual Studio Version 16
VisualStudioVersion = 16.0.28922.388
MinimumVisualStudioVersion = 10.0.40219.1
Project("{FAE04EC0-301F-11D3-BF4B-00C04F79EFBC}") = "Mod02Demos", "Mod02Demos\Mod02Demos.csproj", "{C8C027C5-3796-4100-A98D-2DF81C13577F}"
EndProject
Global
	GlobalSection(SolutionConfigurationPlatforms) = preSolution
		Debug|Any CPU = Debug|Any CPU
		Release|Any CPU = Release|Any CPU
	EndGlobalSection
	GlobalSection(ProjectConfigurationPlatforms) = postSolution
		{C8C027C5-3796-4100-A98D-2DF81C13577F}.Debug|Any CPU.ActiveCfg = Debug|Any CPU
		{C8C027C5-3796-4100-A98D-2DF81C13577F}.Debug|Any CPU.Build.0 = Debug|Any CPU
		{C8C027C5-3796-4100-A98D-2DF81C13577F}.Release|Any CPU.ActiveCfg = Release|Any CPU
		{C8C027C5-3796-4100-A98D-2DF81C13577F}.Release|Any CPU.Build.0 = Release|Any CPU
	EndGlobalSection
	GlobalSection(SolutionProperties) = preSolution
		HideSolutionNode = FALSE
	EndGlobalSection
	GlobalSection(ExtensibilityGlobals) = postSolution
		SolutionGuid = {8214A4D5-F28D-44B1-9724-2FBF637D7A86}
	EndGlobalSection
EndGlobal
