
Microsoft Visual Studio Solution File, Format Version 12.00
# Visual Studio Version 16
VisualStudioVersion = 16.0.28922.388
MinimumVisualStudioVersion = 10.0.40219.1
Project("{FAE04EC0-301F-11D3-BF4B-00C04F79EFBC}") = "Mod01Labs", "Mod01Labs\Mod01Labs.csproj", "{93ACB1FB-02F5-4266-83A5-086CB4B9AA11}"
EndProject
Global
	GlobalSection(SolutionConfigurationPlatforms) = preSolution
		Debug|Any CPU = Debug|Any CPU
		Release|Any CPU = Release|Any CPU
	EndGlobalSection
	GlobalSection(ProjectConfigurationPlatforms) = postSolution
		{93ACB1FB-02F5-4266-83A5-086CB4B9AA11}.Debug|Any CPU.ActiveCfg = Debug|Any CPU
		{93ACB1FB-02F5-4266-83A5-086CB4B9AA11}.Debug|Any CPU.Build.0 = Debug|Any CPU
		{93ACB1FB-02F5-4266-83A5-086CB4B9AA11}.Release|Any CPU.ActiveCfg = Release|Any CPU
		{93ACB1FB-02F5-4266-83A5-086CB4B9AA11}.Release|Any CPU.Build.0 = Release|Any CPU
	EndGlobalSection
	GlobalSection(SolutionProperties) = preSolution
		HideSolutionNode = FALSE
	EndGlobalSection
	GlobalSection(ExtensibilityGlobals) = postSolution
		SolutionGuid = {F994ED52-CDBF-46DC-9496-99101D69DC71}
	EndGlobalSection
EndGlobal
