
Microsoft Visual Studio Solution File, Format Version 12.00
# Visual Studio Version 16
VisualStudioVersion = 16.0.28729.10
MinimumVisualStudioVersion = 10.0.40219.1
Project("{FAE04EC0-301F-11D3-BF4B-00C04F79EFBC}") = "Assignment 01", "Assignment 01\Assignment 01.csproj", "{F33E1292-F67A-4CA1-8BA4-C944A82990BE}"
EndProject
Global
	GlobalSection(SolutionConfigurationPlatforms) = preSolution
		Debug|Any CPU = Debug|Any CPU
		Release|Any CPU = Release|Any CPU
	EndGlobalSection
	GlobalSection(ProjectConfigurationPlatforms) = postSolution
		{F33E1292-F67A-4CA1-8BA4-C944A82990BE}.Debug|Any CPU.ActiveCfg = Debug|Any CPU
		{F33E1292-F67A-4CA1-8BA4-C944A82990BE}.Debug|Any CPU.Build.0 = Debug|Any CPU
		{F33E1292-F67A-4CA1-8BA4-C944A82990BE}.Release|Any CPU.ActiveCfg = Release|Any CPU
		{F33E1292-F67A-4CA1-8BA4-C944A82990BE}.Release|Any CPU.Build.0 = Release|Any CPU
	EndGlobalSection
	GlobalSection(SolutionProperties) = preSolution
		HideSolutionNode = FALSE
	EndGlobalSection
	GlobalSection(ExtensibilityGlobals) = postSolution
		SolutionGuid = {D3CBC22D-4584-4D0F-956C-6298FF88194D}
	EndGlobalSection
EndGlobal
