
Microsoft Visual Studio Solution File, Format Version 12.00
# Visual Studio Version 16
VisualStudioVersion = 16.0.28922.388
MinimumVisualStudioVersion = 10.0.40219.1
Project("{FAE04EC0-301F-11D3-BF4B-00C04F79EFBC}") = "Module04Demo", "Module04Demo\Module04Demo.csproj", "{3A508604-C8A8-41A5-81A8-16ADBA41BF7E}"
EndProject
Global
	GlobalSection(SolutionConfigurationPlatforms) = preSolution
		Debug|Any CPU = Debug|Any CPU
		Release|Any CPU = Release|Any CPU
	EndGlobalSection
	GlobalSection(ProjectConfigurationPlatforms) = postSolution
		{3A508604-C8A8-41A5-81A8-16ADBA41BF7E}.Debug|Any CPU.ActiveCfg = Debug|Any CPU
		{3A508604-C8A8-41A5-81A8-16ADBA41BF7E}.Debug|Any CPU.Build.0 = Debug|Any CPU
		{3A508604-C8A8-41A5-81A8-16ADBA41BF7E}.Release|Any CPU.ActiveCfg = Release|Any CPU
		{3A508604-C8A8-41A5-81A8-16ADBA41BF7E}.Release|Any CPU.Build.0 = Release|Any CPU
	EndGlobalSection
	GlobalSection(SolutionProperties) = preSolution
		HideSolutionNode = FALSE
	EndGlobalSection
	GlobalSection(ExtensibilityGlobals) = postSolution
		SolutionGuid = {1CEE0078-CEBE-4898-B67B-EBE98CEAA568}
	EndGlobalSection
EndGlobal
